
Microsoft Visual Studio Solution File, Format Version 12.00
# Visual Studio Version 17
VisualStudioVersion = 17.4.33205.214
MinimumVisualStudioVersion = 10.0.40219.1
Project("{FAE04EC0-301F-11D3-BF4B-00C04F79EFBC}") = "HEF.USBKey.Interop.SKF", "src\HEF.USBKey.Interop.SKF\HEF.USBKey.Interop.SKF.csproj", "{004AA304-67A7-42EF-B90B-0B464015B947}"
EndProject
Project("{FAE04EC0-301F-11D3-BF4B-00C04F79EFBC}") = "HEF.USBKey.Services.SKF", "src\HEF.USBKey.Services.SKF\HEF.USBKey.Services.SKF.csproj", "{00453CA7-E30D-42F8-A36E-FBB1439C2308}"
EndProject
Project("{FAE04EC0-301F-11D3-BF4B-00C04F79EFBC}") = "HEF.USBKey.Interop.Pkcs11", "src\HEF.USBKey.Interop.Pkcs11\HEF.USBKey.Interop.Pkcs11.csproj", "{3317B23B-3877-46FD-BF54-3BC7D67EE4FA}"
EndProject
Project("{FAE04EC0-301F-11D3-BF4B-00C04F79EFBC}") = "HEF.USBKey.Services.Pkcs11", "src\HEF.USBKey.Services.Pkcs11\HEF.USBKey.Services.Pkcs11.csproj", "{15E7A100-5C5E-451C-886C-BC9FA83C2297}"
EndProject
Project("{FAE04EC0-301F-11D3-BF4B-00C04F79EFBC}") = "HEF.USBKey.Common", "src\HEF.USBKey.Common\HEF.USBKey.Common.csproj", "{2D9EFE39-5A90-4A6E-85A7-4103FCD86281}"
EndProject
Global
	GlobalSection(SolutionConfigurationPlatforms) = preSolution
		Debug|Any CPU = Debug|Any CPU
		Release|Any CPU = Release|Any CPU
	EndGlobalSection
	GlobalSection(ProjectConfigurationPlatforms) = postSolution
		{004AA304-67A7-42EF-B90B-0B464015B947}.Debug|Any CPU.ActiveCfg = Debug|Any CPU
		{004AA304-67A7-42EF-B90B-0B464015B947}.Debug|Any CPU.Build.0 = Debug|Any CPU
		{004AA304-67A7-42EF-B90B-0B464015B947}.Release|Any CPU.ActiveCfg = Release|Any CPU
		{004AA304-67A7-42EF-B90B-0B464015B947}.Release|Any CPU.Build.0 = Release|Any CPU
		{00453CA7-E30D-42F8-A36E-FBB1439C2308}.Debug|Any CPU.ActiveCfg = Debug|Any CPU
		{00453CA7-E30D-42F8-A36E-FBB1439C2308}.Debug|Any CPU.Build.0 = Debug|Any CPU
		{00453CA7-E30D-42F8-A36E-FBB1439C2308}.Release|Any CPU.ActiveCfg = Release|Any CPU
		{00453CA7-E30D-42F8-A36E-FBB1439C2308}.Release|Any CPU.Build.0 = Release|Any CPU
		{3317B23B-3877-46FD-BF54-3BC7D67EE4FA}.Debug|Any CPU.ActiveCfg = Debug|Any CPU
		{3317B23B-3877-46FD-BF54-3BC7D67EE4FA}.Debug|Any CPU.Build.0 = Debug|Any CPU
		{3317B23B-3877-46FD-BF54-3BC7D67EE4FA}.Release|Any CPU.ActiveCfg = Release|Any CPU
		{3317B23B-3877-46FD-BF54-3BC7D67EE4FA}.Release|Any CPU.Build.0 = Release|Any CPU
		{15E7A100-5C5E-451C-886C-BC9FA83C2297}.Debug|Any CPU.ActiveCfg = Debug|Any CPU
		{15E7A100-5C5E-451C-886C-BC9FA83C2297}.Debug|Any CPU.Build.0 = Debug|Any CPU
		{15E7A100-5C5E-451C-886C-BC9FA83C2297}.Release|Any CPU.ActiveCfg = Release|Any CPU
		{15E7A100-5C5E-451C-886C-BC9FA83C2297}.Release|Any CPU.Build.0 = Release|Any CPU
		{2D9EFE39-5A90-4A6E-85A7-4103FCD86281}.Debug|Any CPU.ActiveCfg = Debug|Any CPU
		{2D9EFE39-5A90-4A6E-85A7-4103FCD86281}.Debug|Any CPU.Build.0 = Debug|Any CPU
		{2D9EFE39-5A90-4A6E-85A7-4103FCD86281}.Release|Any CPU.ActiveCfg = Release|Any CPU
		{2D9EFE39-5A90-4A6E-85A7-4103FCD86281}.Release|Any CPU.Build.0 = Release|Any CPU
	EndGlobalSection
	GlobalSection(SolutionProperties) = preSolution
		HideSolutionNode = FALSE
	EndGlobalSection
	GlobalSection(ExtensibilityGlobals) = postSolution
		SolutionGuid = {6CD37975-80E8-4F2A-895A-16C1EC606785}
	EndGlobalSection
EndGlobal
